Microsoft Visual Studio Solution File, Format Version 12.00
# Visual Studio Version 17
VisualStudioVersion = 17.5.002.0
MinimumVisualStudioVersion = 10.0.40219.1
Project("{FAE04EC0-301F-11D3-BF4B-00C04F79EFBC}") = "GalaxyWars.Blazor", "GalaxyWars.Blazor\GalaxyWars.Blazor.csproj", "{8FB94432-F4F0-404A-8E63-5B2AA6D938A8}"
EndProject
Project("{FAE04EC0-301F-11D3-BF4B-00C04F79EFBC}") = "GalaxyWars.Core", "GalaxyWars.Core\GalaxyWars.Core.csproj", "{4086D548-F494-4932-AECB-C4ABFBA929DE}"
EndProject
Global
	GlobalSection(SolutionConfigurationPlatforms) = preSolution
		Debug|Any CPU = Debug|Any CPU
		Release|Any CPU = Release|Any CPU
	EndGlobalSection
	GlobalSection(ProjectConfigurationPlatforms) = postSolution
		{8FB94432-F4F0-404A-8E63-5B2AA6D938A8}.Debug|Any CPU.ActiveCfg = Debug|Any CPU
		{8FB94432-F4F0-404A-8E63-5B2AA6D938A8}.Debug|Any CPU.Build.0 = Debug|Any CPU
		{8FB94432-F4F0-404A-8E63-5B2AA6D938A8}.Release|Any CPU.ActiveCfg = Release|Any CPU
		{8FB94432-F4F0-404A-8E63-5B2AA6D938A8}.Release|Any CPU.Build.0 = Release|Any CPU
		{4086D548-F494-4932-AECB-C4ABFBA929DE}.Debug|Any CPU.ActiveCfg = Debug|Any CPU
		{4086D548-F494-4932-AECB-C4ABFBA929DE}.Debug|Any CPU.Build.0 = Debug|Any CPU
		{4086D548-F494-4932-AECB-C4ABFBA929DE}.Release|Any CPU.ActiveCfg = Release|Any CPU
		{4086D548-F494-4932-AECB-C4ABFBA929DE}.Release|Any CPU.Build.0 = Release|Any CPU
	EndGlobalSection
	GlobalSection(SolutionProperties) = preSolution
		HideSolutionNode = FALSE
	EndGlobalSection
	GlobalSection(ExtensibilityGlobals) = postSolution
		SolutionGuid = {13EEEEDF-3C13-4031-8907-3AE335939C7E}
	EndGlobalSection
EndGlobal
